
Microsoft Visual Studio Solution File, Format Version 12.00
# Visual Studio Version 16
VisualStudioVersion = 16.0.31702.278
MinimumVisualStudioVersion = 10.0.40219.1
Project("{E24C65DC-7377-472B-9ABA-BC803B73C61A}") = "ES3_Erboristeria", ".", "{58E709ED-FCA8-437C-BB4B-3B70A56E88EC}"
	ProjectSection(WebsiteProperties) = preProject
		TargetFrameworkMoniker = ".NETFramework,Version%3Dv4.0"
		Debug.AspNetCompiler.VirtualPath = "/localhost_60751"
		Debug.AspNetCompiler.PhysicalPath = "..\ES3_Erboristeria\"
		Debug.AspNetCompiler.TargetPath = "PrecompiledWeb\localhost_60751\"
		Debug.AspNetCompiler.Updateable = "true"
		Debug.AspNetCompiler.ForceOverwrite = "true"
		Debug.AspNetCompiler.FixedNames = "false"
		Debug.AspNetCompiler.Debug = "True"
		Release.AspNetCompiler.VirtualPath = "/localhost_60751"
		Release.AspNetCompiler.PhysicalPath = "..\ES3_Erboristeria\"
		Release.AspNetCompiler.TargetPath = "PrecompiledWeb\localhost_60751\"
		Release.AspNetCompiler.Updateable = "true"
		Release.AspNetCompiler.ForceOverwrite = "true"
		Release.AspNetCompiler.FixedNames = "false"
		Release.AspNetCompiler.Debug = "False"
		VWDPort = "60751"
		SlnRelativePath = "..\ES3_Erboristeria\"
	EndProjectSection
EndProject
Global
	GlobalSection(SolutionConfigurationPlatforms) = preSolution
		Debug|Any CPU = Debug|Any CPU
	EndGlobalSection
	GlobalSection(ProjectConfigurationPlatforms) = postSolution
		{58E709ED-FCA8-437C-BB4B-3B70A56E88EC}.Debug|Any CPU.ActiveCfg = Debug|Any CPU
		{58E709ED-FCA8-437C-BB4B-3B70A56E88EC}.Debug|Any CPU.Build.0 = Debug|Any CPU
	EndGlobalSection
	GlobalSection(SolutionProperties) = preSolution
		HideSolutionNode = FALSE
	EndGlobalSection
	GlobalSection(ExtensibilityGlobals) = postSolution
		SolutionGuid = {9B1E1168-C3CD-4EFF-AF10-4745C50BDC3F}
	EndGlobalSection
EndGlobal
