
Microsoft Visual Studio Solution File, Format Version 12.00
# Visual Studio Version 16
VisualStudioVersion = 16.0.31702.278
MinimumVisualStudioVersion = 10.0.40219.1
Project("{E24C65DC-7377-472B-9ABA-BC803B73C61A}") = "ES2_login", ".", "{DC384B94-7BB2-4F3C-A728-C0A4E113E66B}"
	ProjectSection(WebsiteProperties) = preProject
		TargetFrameworkMoniker = ".NETFramework,Version%3Dv4.0"
		Debug.AspNetCompiler.VirtualPath = "/localhost_63056"
		Debug.AspNetCompiler.PhysicalPath = "..\ES2_login\"
		Debug.AspNetCompiler.TargetPath = "PrecompiledWeb\localhost_63056\"
		Debug.AspNetCompiler.Updateable = "true"
		Debug.AspNetCompiler.ForceOverwrite = "true"
		Debug.AspNetCompiler.FixedNames = "false"
		Debug.AspNetCompiler.Debug = "True"
		Release.AspNetCompiler.VirtualPath = "/localhost_63056"
		Release.AspNetCompiler.PhysicalPath = "..\ES2_login\"
		Release.AspNetCompiler.TargetPath = "PrecompiledWeb\localhost_63056\"
		Release.AspNetCompiler.Updateable = "true"
		Release.AspNetCompiler.ForceOverwrite = "true"
		Release.AspNetCompiler.FixedNames = "false"
		Release.AspNetCompiler.Debug = "False"
		VWDPort = "63056"
		SlnRelativePath = "..\ES2_login\"
	EndProjectSection
EndProject
Global
	GlobalSection(SolutionConfigurationPlatforms) = preSolution
		Debug|Any CPU = Debug|Any CPU
	EndGlobalSection
	GlobalSection(ProjectConfigurationPlatforms) = postSolution
		{DC384B94-7BB2-4F3C-A728-C0A4E113E66B}.Debug|Any CPU.ActiveCfg = Debug|Any CPU
		{DC384B94-7BB2-4F3C-A728-C0A4E113E66B}.Debug|Any CPU.Build.0 = Debug|Any CPU
	EndGlobalSection
	GlobalSection(SolutionProperties) = preSolution
		HideSolutionNode = FALSE
	EndGlobalSection
	GlobalSection(ExtensibilityGlobals) = postSolution
		SolutionGuid = {5845D397-6033-44ED-88B0-F4BA15B29707}
	EndGlobalSection
EndGlobal
