
Microsoft Visual Studio Solution File, Format Version 12.00
# Visual Studio Version 16
VisualStudioVersion = 16.0.31702.278
MinimumVisualStudioVersion = 10.0.40219.1
Project("{E24C65DC-7377-472B-9ABA-BC803B73C61A}") = "WEB", ".", "{BA901108-5EAA-42D8-8B11-2E7F36BD3875}"
	ProjectSection(WebsiteProperties) = preProject
		TargetFrameworkMoniker = ".NETFramework,Version%3Dv4.0"
		Debug.AspNetCompiler.VirtualPath = "/localhost_60845"
		Debug.AspNetCompiler.PhysicalPath = "F:\Laura\Documenti\Avanade\Academy\Week4\WEB\"
		Debug.AspNetCompiler.TargetPath = "PrecompiledWeb\localhost_60845\"
		Debug.AspNetCompiler.Updateable = "true"
		Debug.AspNetCompiler.ForceOverwrite = "true"
		Debug.AspNetCompiler.FixedNames = "false"
		Debug.AspNetCompiler.Debug = "True"
		Release.AspNetCompiler.VirtualPath = "/localhost_60845"
		Release.AspNetCompiler.PhysicalPath = "F:\Laura\Documenti\Avanade\Academy\Week4\WEB\"
		Release.AspNetCompiler.TargetPath = "PrecompiledWeb\localhost_60845\"
		Release.AspNetCompiler.Updateable = "true"
		Release.AspNetCompiler.ForceOverwrite = "true"
		Release.AspNetCompiler.FixedNames = "false"
		Release.AspNetCompiler.Debug = "False"
		VWDPort = "60845"
	EndProjectSection
EndProject
Global
	GlobalSection(SolutionConfigurationPlatforms) = preSolution
		Debug|Any CPU = Debug|Any CPU
	EndGlobalSection
	GlobalSection(ProjectConfigurationPlatforms) = postSolution
		{BA901108-5EAA-42D8-8B11-2E7F36BD3875}.Debug|Any CPU.ActiveCfg = Debug|Any CPU
		{BA901108-5EAA-42D8-8B11-2E7F36BD3875}.Debug|Any CPU.Build.0 = Debug|Any CPU
	EndGlobalSection
	GlobalSection(SolutionProperties) = preSolution
		HideSolutionNode = FALSE
	EndGlobalSection
	GlobalSection(ExtensibilityGlobals) = postSolution
		SolutionGuid = {A3317561-270F-41C7-A9F7-0E010E484F86}
	EndGlobalSection
EndGlobal
